
Microsoft Visual Studio Solution File, Format Version 12.00
# Visual Studio Version 17
VisualStudioVersion = 17.2.32526.322
MinimumVisualStudioVersion = 10.0.40219.1
Project("{FAE04EC0-301F-11D3-BF4B-00C04F79EFBC}") = "CSharp15", "CSharp15\CSharp15.csproj", "{31863F3D-3A42-4D06-8ADF-96C69C7889A6}"
EndProject
Global
	GlobalSection(SolutionConfigurationPlatforms) = preSolution
		Debug|Any CPU = Debug|Any CPU
		Release|Any CPU = Release|Any CPU
	EndGlobalSection
	GlobalSection(ProjectConfigurationPlatforms) = postSolution
		{31863F3D-3A42-4D06-8ADF-96C69C7889A6}.Debug|Any CPU.ActiveCfg = Debug|Any CPU
		{31863F3D-3A42-4D06-8ADF-96C69C7889A6}.Debug|Any CPU.Build.0 = Debug|Any CPU
		{31863F3D-3A42-4D06-8ADF-96C69C7889A6}.Release|Any CPU.ActiveCfg = Release|Any CPU
		{31863F3D-3A42-4D06-8ADF-96C69C7889A6}.Release|Any CPU.Build.0 = Release|Any CPU
	EndGlobalSection
	GlobalSection(SolutionProperties) = preSolution
		HideSolutionNode = FALSE
	EndGlobalSection
	GlobalSection(ExtensibilityGlobals) = postSolution
		SolutionGuid = {6A80FBD0-7ADB-4CC3-9234-14DC655B4877}
	EndGlobalSection
EndGlobal
